
Microsoft Visual Studio Solution File, Format Version 12.00
# Visual Studio 15
VisualStudioVersion = 15.0.28307.645
MinimumVisualStudioVersion = 10.0.40219.1
Project("{FAE04EC0-301F-11D3-BF4B-00C04F79EFBC}") = "csArgumentReferences", "csArgumentReferences\csArgumentReferences.csproj", "{356DEC3B-7CCC-4B6D-A2BA-B60CA00806A5}"
EndProject
Global
	GlobalSection(SolutionConfigurationPlatforms) = preSolution
		Debug|Any CPU = Debug|Any CPU
		Release|Any CPU = Release|Any CPU
	EndGlobalSection
	GlobalSection(ProjectConfigurationPlatforms) = postSolution
		{356DEC3B-7CCC-4B6D-A2BA-B60CA00806A5}.Debug|Any CPU.ActiveCfg = Debug|Any CPU
		{356DEC3B-7CCC-4B6D-A2BA-B60CA00806A5}.Debug|Any CPU.Build.0 = Debug|Any CPU
		{356DEC3B-7CCC-4B6D-A2BA-B60CA00806A5}.Release|Any CPU.ActiveCfg = Release|Any CPU
		{356DEC3B-7CCC-4B6D-A2BA-B60CA00806A5}.Release|Any CPU.Build.0 = Release|Any CPU
	EndGlobalSection
	GlobalSection(SolutionProperties) = preSolution
		HideSolutionNode = FALSE
	EndGlobalSection
	GlobalSection(ExtensibilityGlobals) = postSolution
		SolutionGuid = {D19C875D-2738-4AA1-B8F2-186EDE9F97CF}
	EndGlobalSection
EndGlobal
